{
  "originHash" : "14d1b5b18fa12c7169145b34bd4aa11cb476f68eeca07d997bd7a54833c68f47",
  "pins" : [
    {
      "identity" : "devicekit",
      "kind" : "remoteSourceControl",
      "location" : "https://github.com/devicekit/DeviceKit",
      "state" : {
        "revision" : "513b9d7e7a1bd46504a1009bbab943b75ce2f195",
        "version" : "5.6.0"
      }
    }
  ],
  "version" : 3
}
